
Microsoft Visual Studio Solution File, Format Version 12.00
# Visual Studio Version 16
VisualStudioVersion = 16.0.31025.194
MinimumVisualStudioVersion = 10.0.40219.1
Project("{FAE04EC0-301F-11D3-BF4B-00C04F79EFBC}") = "FirstMVCApp", "FirstMVCApp\FirstMVCApp.csproj", "{C6522911-1E44-44CD-8F36-A4B6918438A0}"
EndProject
Global
	GlobalSection(SolutionConfigurationPlatforms) = preSolution
		Debug|Any CPU = Debug|Any CPU
		Release|Any CPU = Release|Any CPU
	EndGlobalSection
	GlobalSection(ProjectConfigurationPlatforms) = postSolution
		{C6522911-1E44-44CD-8F36-A4B6918438A0}.Debug|Any CPU.ActiveCfg = Debug|Any CPU
		{C6522911-1E44-44CD-8F36-A4B6918438A0}.Debug|Any CPU.Build.0 = Debug|Any CPU
		{C6522911-1E44-44CD-8F36-A4B6918438A0}.Release|Any CPU.ActiveCfg = Release|Any CPU
		{C6522911-1E44-44CD-8F36-A4B6918438A0}.Release|Any CPU.Build.0 = Release|Any CPU
	EndGlobalSection
	GlobalSection(SolutionProperties) = preSolution
		HideSolutionNode = FALSE
	EndGlobalSection
	GlobalSection(ExtensibilityGlobals) = postSolution
		SolutionGuid = {06C84A0A-0AAF-458C-B12B-9DCDCCF584D8}
	EndGlobalSection
EndGlobal
